
Microsoft Visual Studio Solution File, Format Version 12.00
# Visual Studio Version 17
VisualStudioVersion = 17.9.34723.18
MinimumVisualStudioVersion = 10.0.40219.1
Project("{FAE04EC0-301F-11D3-BF4B-00C04F79EFBC}") = "calculator", "calculator\calculator.csproj", "{090CA971-1365-4511-AC9B-28E68B8BB490}"
EndProject
Global
	GlobalSection(SolutionConfigurationPlatforms) = preSolution
		Debug|Any CPU = Debug|Any CPU
		Release|Any CPU = Release|Any CPU
	EndGlobalSection
	GlobalSection(ProjectConfigurationPlatforms) = postSolution
		{090CA971-1365-4511-AC9B-28E68B8BB490}.Debug|Any CPU.ActiveCfg = Debug|Any CPU
		{090CA971-1365-4511-AC9B-28E68B8BB490}.Debug|Any CPU.Build.0 = Debug|Any CPU
		{090CA971-1365-4511-AC9B-28E68B8BB490}.Release|Any CPU.ActiveCfg = Release|Any CPU
		{090CA971-1365-4511-AC9B-28E68B8BB490}.Release|Any CPU.Build.0 = Release|Any CPU
	EndGlobalSection
	GlobalSection(SolutionProperties) = preSolution
		HideSolutionNode = FALSE
	EndGlobalSection
	GlobalSection(ExtensibilityGlobals) = postSolution
		SolutionGuid = {FD00B25D-0E80-4110-9A8C-776B989E79D0}
	EndGlobalSection
EndGlobal
